// !$*UTF8*$!
{
	archiveVersion = 1;
	classes = {
	};
	objectVersion = 51;
	objects = {

/* Begin PBXBuildFile section */
		0F2BE3D825E78308005630AF /* RegisterViewController.swift in Sources */ = {isa = PBXBuildFile; fileRef = 0F2BE3D725E78308005630AF /* RegisterViewController.swift */; };
		0F2BE3DD25E7871F005630AF /* SearchViewController.swift in Sources */ = {isa = PBXBuildFile; fileRef = 0F2BE3DC25E7871F005630AF /* SearchViewController.swift */; };
		0F2BE3F125E7A346005630AF /* DiscoverViewController.swift in Sources */ = {isa = PBXBuildFile; fileRef = 0F2BE3F025E7A346005630AF /* DiscoverViewController.swift */; };
		0F3AE4EF25E261690098536D /* AppDelegate.swift in Sources */ = {isa = PBXBuildFile; fileRef = 0F3AE4EE25E261690098536D /* AppDelegate.swift */; };
		0F3AE4F325E261690098536D /* LoggedOutViewController.swift in Sources */ = {isa = PBXBuildFile; fileRef = 0F3AE4F225E261690098536D /* LoggedOutViewController.swift */; };
		0F3AE4F825E2616A0098536D /* Assets.xcassets in Resources */ = {isa = PBXBuildFile; fileRef = 0F3AE4F725E2616A0098536D /* Assets.xcassets */; };
		0F3AE4FB25E2616A0098536D /* LaunchScreen.storyboard in Resources */ = {isa = PBXBuildFile; fileRef = 0F3AE4F925E2616A0098536D /* LaunchScreen.storyboard */; };
		0F3AE50625E2616A0098536D /* LookLikeTests.swift in Sources */ = {isa = PBXBuildFile; fileRef = 0F3AE50525E2616A0098536D /* LookLikeTests.swift */; };
		0F3AE51125E2616A0098536D /* LookLikeUITests.swift in Sources */ = {isa = PBXBuildFile; fileRef = 0F3AE51025E2616A0098536D /* LookLikeUITests.swift */; };
		0F3AE53925E276900098536D /* Fonts.swift in Sources */ = {isa = PBXBuildFile; fileRef = 0F3AE53425E276900098536D /* Fonts.swift */; };
		0F3AE53A25E276900098536D /* Images.swift in Sources */ = {isa = PBXBuildFile; fileRef = 0F3AE53525E276900098536D /* Images.swift */; };
		0F3AE54625E285C60098536D /* Questrial-Regular.otf in Resources */ = {isa = PBXBuildFile; fileRef = 0F3AE54525E285C60098536D /* Questrial-Regular.otf */; };
		0F3AE54E25E4E2D10098536D /* Comfortaa-Regular.ttf in Resources */ = {isa = PBXBuildFile; fileRef = 0F3AE54D25E4E2D10098536D /* Comfortaa-Regular.ttf */; };
		0F3AE55325E4E3320098536D /* Roboto-Regular.ttf in Resources */ = {isa = PBXBuildFile; fileRef = 0F3AE55225E4E3320098536D /* Roboto-Regular.ttf */; };
		0F3AE55825E4ECCE0098536D /* ofont.ru_Corbel.ttf in Resources */ = {isa = PBXBuildFile; fileRef = 0F3AE55725E4ECCE0098536D /* ofont.ru_Corbel.ttf */; };
		0F3EB8D925E68F2D00B1CCCA /* LoginViewController.swift in Sources */ = {isa = PBXBuildFile; fileRef = 0F3EB8D825E68F2D00B1CCCA /* LoginViewController.swift */; };
		0F40DF6825ECC95B00AF9A72 /* ProfileViewController.swift in Sources */ = {isa = PBXBuildFile; fileRef = 0F40DF6725ECC95B00AF9A72 /* ProfileViewController.swift */; };
		0FCD369025F7593C00DCEFEF /* CategoriesSearchViewModel.swift in Sources */ = {isa = PBXBuildFile; fileRef = 0FCD368F25F7593C00DCEFEF /* CategoriesSearchViewModel.swift */; };
		0FCD369525F768C300DCEFEF /* ItemCell.swift in Sources */ = {isa = PBXBuildFile; fileRef = 0FCD369425F768C300DCEFEF /* ItemCell.swift */; };
		47506C0C8ED3F577142A686C /* Pods_LookLikeTests.framework in Frameworks */ = {isa = PBXBuildFile; fileRef = 959B9D447CB34B3BF11826B8 /* Pods_LookLikeTests.framework */; };
		B57CD7FAAB0A2B2BF96FFA6C /* Pods_LookLike.framework in Frameworks */ = {isa = PBXBuildFile; fileRef = 15A48FB97F84F1804B279BB1 /* Pods_LookLike.framework */; };
		E34DA16936CF15AE8911B6CA /* Pods_LookLike_LookLikeUITests.framework in Frameworks */ = {isa = PBXBuildFile; fileRef = 02D65655EB8626AC1563ED19 /* Pods_LookLike_LookLikeUITests.framework */; };
/* End PBXBuildFile section */

/* Begin PBXContainerItemProxy section */
		0F3AE50225E2616A0098536D /* PBXContainerItemProxy */ = {
			isa = PBXContainerItemProxy;
			containerPortal = 0F3AE4E325E261690098536D /* Project object */;
			proxyType = 1;
			remoteGlobalIDString = 0F3AE4EA25E261690098536D;
			remoteInfo = LookLike;
		};
		0F3AE50D25E2616A0098536D /* PBXContainerItemProxy */ = {
			isa = PBXContainerItemProxy;
			containerPortal = 0F3AE4E325E261690098536D /* Project object */;
			proxyType = 1;
			remoteGlobalIDString = 0F3AE4EA25E261690098536D;
			remoteInfo = LookLike;
		};
/* End PBXContainerItemProxy section */

/* Begin PBXFileReference section */
		00D3E54545A61309C2FE81C3 /* Pods-LookLike.release.xcconfig */ = {isa = PBXFileReference; includeInIndex = 1; lastKnownFileType = text.xcconfig; name = "Pods-LookLike.release.xcconfig"; path = "Target Support Files/Pods-LookLike/Pods-LookLike.release.xcconfig"; sourceTree = "<group>"; };
		02D65655EB8626AC1563ED19 /* Pods_LookLike_LookLikeUITests.framework */ = {isa = PBXFileReference; explicitFileType = wrapper.framework; includeInIndex = 0; path = Pods_LookLike_LookLikeUITests.framework; sourceTree = BUILT_PRODUCTS_DIR; };
		09D0E88FEC0B472AC128A7AA /* Pods-LookLike-LookLikeUITests.debug.xcconfig */ = {isa = PBXFileReference; includeInIndex = 1; lastKnownFileType = text.xcconfig; name = "Pods-LookLike-LookLikeUITests.debug.xcconfig"; path = "Target Support Files/Pods-LookLike-LookLikeUITests/Pods-LookLike-LookLikeUITests.debug.xcconfig"; sourceTree = "<group>"; };
		0F2BE3D725E78308005630AF /* RegisterViewController.swift */ = {isa = PBXFileReference; lastKnownFileType = sourcecode.swift; path = RegisterViewController.swift; sourceTree = "<group>"; };
		0F2BE3DC25E7871F005630AF /* SearchViewController.swift */ = {isa = PBXFileReference; lastKnownFileType = sourcecode.swift; path = SearchViewController.swift; sourceTree = "<group>"; };
		0F2BE3F025E7A346005630AF /* DiscoverViewController.swift */ = {isa = PBXFileReference; lastKnownFileType = sourcecode.swift; path = DiscoverViewController.swift; sourceTree = "<group>"; };
		0F3AE4EB25E261690098536D /* LookLike.app */ = {isa = PBXFileReference; explicitFileType = wrapper.application; includeInIndex = 0; path = LookLike.app; sourceTree = BUILT_PRODUCTS_DIR; };
		0F3AE4EE25E261690098536D /* AppDelegate.swift */ = {isa = PBXFileReference; lastKnownFileType = sourcecode.swift; path = AppDelegate.swift; sourceTree = "<group>"; };
		0F3AE4F225E261690098536D /* LoggedOutViewController.swift */ = {isa = PBXFileReference; lastKnownFileType = sourcecode.swift; path = LoggedOutViewController.swift; sourceTree = "<group>"; };
		0F3AE4F725E2616A0098536D /* Assets.xcassets */ = {isa = PBXFileReference; lastKnownFileType = folder.assetcatalog; path = Assets.xcassets; sourceTree = "<group>"; };
		0F3AE4FA25E2616A0098536D /* Base */ = {isa = PBXFileReference; lastKnownFileType = file.storyboard; name = Base; path = Base.lproj/LaunchScreen.storyboard; sourceTree = "<group>"; };
		0F3AE4FC25E2616A0098536D /* Info.plist */ = {isa = PBXFileReference; lastKnownFileType = text.plist.xml; path = Info.plist; sourceTree = "<group>"; };
		0F3AE50125E2616A0098536D /* LookLikeTests.xctest */ = {isa = PBXFileReference; explicitFileType = wrapper.cfbundle; includeInIndex = 0; path = LookLikeTests.xctest; sourceTree = BUILT_PRODUCTS_DIR; };
		0F3AE50525E2616A0098536D /* LookLikeTests.swift */ = {isa = PBXFileReference; lastKnownFileType = sourcecode.swift; path = LookLikeTests.swift; sourceTree = "<group>"; };
		0F3AE50725E2616A0098536D /* Info.plist */ = {isa = PBXFileReference; lastKnownFileType = text.plist.xml; path = Info.plist; sourceTree = "<group>"; };
		0F3AE50C25E2616A0098536D /* LookLikeUITests.xctest */ = {isa = PBXFileReference; explicitFileType = wrapper.cfbundle; includeInIndex = 0; path = LookLikeUITests.xctest; sourceTree = BUILT_PRODUCTS_DIR; };
		0F3AE51025E2616A0098536D /* LookLikeUITests.swift */ = {isa = PBXFileReference; lastKnownFileType = sourcecode.swift; path = LookLikeUITests.swift; sourceTree = "<group>"; };
		0F3AE51225E2616A0098536D /* Info.plist */ = {isa = PBXFileReference; lastKnownFileType = text.plist.xml; path = Info.plist; sourceTree = "<group>"; };
		0F3AE53425E276900098536D /* Fonts.swift */ = {isa = PBXFileReference; fileEncoding = 4; lastKnownFileType = sourcecode.swift; path = Fonts.swift; sourceTree = "<group>"; };
		0F3AE53525E276900098536D /* Images.swift */ = {isa = PBXFileReference; fileEncoding = 4; lastKnownFileType = sourcecode.swift; path = Images.swift; sourceTree = "<group>"; };
		0F3AE54525E285C60098536D /* Questrial-Regular.otf */ = {isa = PBXFileReference; lastKnownFileType = file; path = "Questrial-Regular.otf"; sourceTree = "<group>"; };
		0F3AE54D25E4E2D10098536D /* Comfortaa-Regular.ttf */ = {isa = PBXFileReference; lastKnownFileType = file; path = "Comfortaa-Regular.ttf"; sourceTree = "<group>"; };
		0F3AE55225E4E3320098536D /* Roboto-Regular.ttf */ = {isa = PBXFileReference; lastKnownFileType = file; path = "Roboto-Regular.ttf"; sourceTree = "<group>"; };
		0F3AE55725E4ECCE0098536D /* ofont.ru_Corbel.ttf */ = {isa = PBXFileReference; lastKnownFileType = file; path = ofont.ru_Corbel.ttf; sourceTree = "<group>"; };
		0F3EB8D825E68F2D00B1CCCA /* LoginViewController.swift */ = {isa = PBXFileReference; lastKnownFileType = sourcecode.swift; path = LoginViewController.swift; sourceTree = "<group>"; };
		0F40DF6725ECC95B00AF9A72 /* ProfileViewController.swift */ = {isa = PBXFileReference; lastKnownFileType = sourcecode.swift; path = ProfileViewController.swift; sourceTree = "<group>"; };
		0FCD368F25F7593C00DCEFEF /* CategoriesSearchViewModel.swift */ = {isa = PBXFileReference; lastKnownFileType = sourcecode.swift; path = CategoriesSearchViewModel.swift; sourceTree = "<group>"; };
		0FCD369425F768C300DCEFEF /* ItemCell.swift */ = {isa = PBXFileReference; fileEncoding = 4; lastKnownFileType = sourcecode.swift; path = ItemCell.swift; sourceTree = "<group>"; };
		15A48FB97F84F1804B279BB1 /* Pods_LookLike.framework */ = {isa = PBXFileReference; explicitFileType = wrapper.framework; includeInIndex = 0; path = Pods_LookLike.framework; sourceTree = BUILT_PRODUCTS_DIR; };
		4C6E453B3FF2D81C836F0F41 /* Pods-LookLike-LookLikeUITests.release.xcconfig */ = {isa = PBXFileReference; includeInIndex = 1; lastKnownFileType = text.xcconfig; name = "Pods-LookLike-LookLikeUITests.release.xcconfig"; path = "Target Support Files/Pods-LookLike-LookLikeUITests/Pods-LookLike-LookLikeUITests.release.xcconfig"; sourceTree = "<group>"; };
		4DC740D6C602BE069FFC74B4 /* Pods-LookLike.debug.xcconfig */ = {isa = PBXFileReference; includeInIndex = 1; lastKnownFileType = text.xcconfig; name = "Pods-LookLike.debug.xcconfig"; path = "Target Support Files/Pods-LookLike/Pods-LookLike.debug.xcconfig"; sourceTree = "<group>"; };
		959B9D447CB34B3BF11826B8 /* Pods_LookLikeTests.framework */ = {isa = PBXFileReference; explicitFileType = wrapper.framework; includeInIndex = 0; path = Pods_LookLikeTests.framework; sourceTree = BUILT_PRODUCTS_DIR; };
		A14E6876D5B5AEE45944289F /* Pods-LookLikeTests.debug.xcconfig */ = {isa = PBXFileReference; includeInIndex = 1; lastKnownFileType = text.xcconfig; name = "Pods-LookLikeTests.debug.xcconfig"; path = "Target Support Files/Pods-LookLikeTests/Pods-LookLikeTests.debug.xcconfig"; sourceTree = "<group>"; };
		A3C391F8834303BFB891D5A7 /* Pods-LookLikeTests.release.xcconfig */ = {isa = PBXFileReference; includeInIndex = 1; lastKnownFileType = text.xcconfig; name = "Pods-LookLikeTests.release.xcconfig"; path = "Target Support Files/Pods-LookLikeTests/Pods-LookLikeTests.release.xcconfig"; sourceTree = "<group>"; };
/* End PBXFileReference section */

/* Begin PBXFrameworksBuildPhase section */
		0F3AE4E825E261690098536D /* Frameworks */ = {
			isa = PBXFrameworksBuildPhase;
			buildActionMask = 2147483647;
			files = (
				B57CD7FAAB0A2B2BF96FFA6C /* Pods_LookLike.framework in Frameworks */,
			);
			runOnlyForDeploymentPostprocessing = 0;
		};
		0F3AE4FE25E2616A0098536D /* Frameworks */ = {
			isa = PBXFrameworksBuildPhase;
			buildActionMask = 2147483647;
			files = (
				47506C0C8ED3F577142A686C /* Pods_LookLikeTests.framework in Frameworks */,
			);
			runOnlyForDeploymentPostprocessing = 0;
		};
		0F3AE50925E2616A0098536D /* Frameworks */ = {
			isa = PBXFrameworksBuildPhase;
			buildActionMask = 2147483647;
			files = (
				E34DA16936CF15AE8911B6CA /* Pods_LookLike_LookLikeUITests.framework in Frameworks */,
			);
			runOnlyForDeploymentPostprocessing = 0;
		};
/* End PBXFrameworksBuildPhase section */

/* Begin PBXGroup section */
		0F3AE4E225E261690098536D = {
			isa = PBXGroup;
			children = (
				0F3AE4ED25E261690098536D /* LookLike */,
				0F3AE50425E2616A0098536D /* LookLikeTests */,
				0F3AE50F25E2616A0098536D /* LookLikeUITests */,
				0F3AE4EC25E261690098536D /* Products */,
				2E1668416D94F5B1EDB94187 /* Pods */,
				E166AFAE3DB0039F3BEAD1C6 /* Frameworks */,
			);
			sourceTree = "<group>";
		};
		0F3AE4EC25E261690098536D /* Products */ = {
			isa = PBXGroup;
			children = (
				0F3AE4EB25E261690098536D /* LookLike.app */,
				0F3AE50125E2616A0098536D /* LookLikeTests.xctest */,
				0F3AE50C25E2616A0098536D /* LookLikeUITests.xctest */,
			);
			name = Products;
			sourceTree = "<group>";
		};
		0F3AE4ED25E261690098536D /* LookLike */ = {
			isa = PBXGroup;
			children = (
				0F3AE4EE25E261690098536D /* AppDelegate.swift */,
				0F3EB8D125E68B6900B1CCCA /* Screens */,
				0F3AE4F725E2616A0098536D /* Assets.xcassets */,
				0F3AE53125E276900098536D /* Resources */,
				0F3AE4F925E2616A0098536D /* LaunchScreen.storyboard */,
				0F3AE4FC25E2616A0098536D /* Info.plist */,
			);
			path = LookLike;
			sourceTree = "<group>";
		};
		0F3AE50425E2616A0098536D /* LookLikeTests */ = {
			isa = PBXGroup;
			children = (
				0F3AE50525E2616A0098536D /* LookLikeTests.swift */,
				0F3AE50725E2616A0098536D /* Info.plist */,
			);
			path = LookLikeTests;
			sourceTree = "<group>";
		};
		0F3AE50F25E2616A0098536D /* LookLikeUITests */ = {
			isa = PBXGroup;
			children = (
				0F3AE51025E2616A0098536D /* LookLikeUITests.swift */,
				0F3AE51225E2616A0098536D /* Info.plist */,
			);
			path = LookLikeUITests;
			sourceTree = "<group>";
		};
		0F3AE53125E276900098536D /* Resources */ = {
			isa = PBXGroup;
			children = (
				0F3AE54525E285C60098536D /* Questrial-Regular.otf */,
				0F3AE54D25E4E2D10098536D /* Comfortaa-Regular.ttf */,
				0F3AE55225E4E3320098536D /* Roboto-Regular.ttf */,
				0F3AE55725E4ECCE0098536D /* ofont.ru_Corbel.ttf */,
				0F3AE53425E276900098536D /* Fonts.swift */,
				0F3AE53525E276900098536D /* Images.swift */,
			);
			path = Resources;
			sourceTree = "<group>";
		};
		0F3EB8D125E68B6900B1CCCA /* Screens */ = {
			isa = PBXGroup;
			children = (
				0F3AE4F225E261690098536D /* LoggedOutViewController.swift */,
				0F3EB8D825E68F2D00B1CCCA /* LoginViewController.swift */,
				0F2BE3D725E78308005630AF /* RegisterViewController.swift */,
				0FCD368A25F757B100DCEFEF /* Search */,
				0F2BE3F025E7A346005630AF /* DiscoverViewController.swift */,
				0F40DF6725ECC95B00AF9A72 /* ProfileViewController.swift */,
			);
			path = Screens;
			sourceTree = "<group>";
		};
		0FCD368A25F757B100DCEFEF /* Search */ = {
			isa = PBXGroup;
			children = (
				0F2BE3DC25E7871F005630AF /* SearchViewController.swift */,
				0FCD369425F768C300DCEFEF /* ItemCell.swift */,
				0FCD368E25F758D600DCEFEF /* Model */,
			);
			path = Search;
			sourceTree = "<group>";
		};
		0FCD368E25F758D600DCEFEF /* Model */ = {
			isa = PBXGroup;
			children = (
				0FCD368F25F7593C00DCEFEF /* CategoriesSearchViewModel.swift */,
			);
			path = Model;
			sourceTree = "<group>";
		};
		2E1668416D94F5B1EDB94187 /* Pods */ = {
			isa = PBXGroup;
			children = (
				4DC740D6C602BE069FFC74B4 /* Pods-LookLike.debug.xcconfig */,
				00D3E54545A61309C2FE81C3 /* Pods-LookLike.release.xcconfig */,
				09D0E88FEC0B472AC128A7AA /* Pods-LookLike-LookLikeUITests.debug.xcconfig */,
				4C6E453B3FF2D81C836F0F41 /* Pods-LookLike-LookLikeUITests.release.xcconfig */,
				A14E6876D5B5AEE45944289F /* Pods-LookLikeTests.debug.xcconfig */,
				A3C391F8834303BFB891D5A7 /* Pods-LookLikeTests.release.xcconfig */,
			);
			path = Pods;
			sourceTree = "<group>";
		};
		E166AFAE3DB0039F3BEAD1C6 /* Frameworks */ = {
			isa = PBXGroup;
			children = (
				15A48FB97F84F1804B279BB1 /* Pods_LookLike.framework */,
				02D65655EB8626AC1563ED19 /* Pods_LookLike_LookLikeUITests.framework */,
				959B9D447CB34B3BF11826B8 /* Pods_LookLikeTests.framework */,
			);
			name = Frameworks;
			sourceTree = "<group>";
		};
/* End PBXGroup section */

/* Begin PBXNativeTarget section */
		0F3AE4EA25E261690098536D /* LookLike */ = {
			isa = PBXNativeTarget;
			buildConfigurationList = 0F3AE51525E2616A0098536D /* Build configuration list for PBXNativeTarget "LookLike" */;
			buildPhases = (
				E418261BADAF9AB11E1FAF19 /* [CP] Check Pods Manifest.lock */,
				0F3AE4E725E261690098536D /* Sources */,
				0F3AE4E825E261690098536D /* Frameworks */,
				0F3AE4E925E261690098536D /* Resources */,
				A8EC7459C55442D3E8C0EFE5 /* [CP] Embed Pods Frameworks */,
			);
			buildRules = (
			);
			dependencies = (
			);
			name = LookLike;
			productName = LookLike;
			productReference = 0F3AE4EB25E261690098536D /* LookLike.app */;
			productType = "com.apple.product-type.application";
		};
		0F3AE50025E2616A0098536D /* LookLikeTests */ = {
			isa = PBXNativeTarget;
			buildConfigurationList = 0F3AE51825E2616A0098536D /* Build configuration list for PBXNativeTarget "LookLikeTests" */;
			buildPhases = (
				FD70979ED9700517CC2D713C /* [CP] Check Pods Manifest.lock */,
				0F3AE4FD25E2616A0098536D /* Sources */,
				0F3AE4FE25E2616A0098536D /* Frameworks */,
				0F3AE4FF25E2616A0098536D /* Resources */,
			);
			buildRules = (
			);
			dependencies = (
				0F3AE50325E2616A0098536D /* PBXTargetDependency */,
			);
			name = LookLikeTests;
			productName = LookLikeTests;
			productReference = 0F3AE50125E2616A0098536D /* LookLikeTests.xctest */;
			productType = "com.apple.product-type.bundle.unit-test";
		};
		0F3AE50B25E2616A0098536D /* LookLikeUITests */ = {
			isa = PBXNativeTarget;
			buildConfigurationList = 0F3AE51B25E2616A0098536D /* Build configuration list for PBXNativeTarget "LookLikeUITests" */;
			buildPhases = (
				E527E8CD82275FEE2D876218 /* [CP] Check Pods Manifest.lock */,
				0F3AE50825E2616A0098536D /* Sources */,
				0F3AE50925E2616A0098536D /* Frameworks */,
				0F3AE50A25E2616A0098536D /* Resources */,
				2E513AF41BA4126BF74DE439 /* [CP] Embed Pods Frameworks */,
			);
			buildRules = (
			);
			dependencies = (
				0F3AE50E25E2616A0098536D /* PBXTargetDependency */,
			);
			name = LookLikeUITests;
			productName = LookLikeUITests;
			productReference = 0F3AE50C25E2616A0098536D /* LookLikeUITests.xctest */;
			productType = "com.apple.product-type.bundle.ui-testing";
		};
/* End PBXNativeTarget section */

/* Begin PBXProject section */
		0F3AE4E325E261690098536D /* Project object */ = {
			isa = PBXProject;
			attributes = {
				LastSwiftUpdateCheck = 1240;
				LastUpgradeCheck = 1240;
				TargetAttributes = {
					0F3AE4EA25E261690098536D = {
						CreatedOnToolsVersion = 12.4;
					};
					0F3AE50025E2616A0098536D = {
						CreatedOnToolsVersion = 12.4;
						TestTargetID = 0F3AE4EA25E261690098536D;
					};
					0F3AE50B25E2616A0098536D = {
						CreatedOnToolsVersion = 12.4;
						TestTargetID = 0F3AE4EA25E261690098536D;
					};
				};
			};
			buildConfigurationList = 0F3AE4E625E261690098536D /* Build configuration list for PBXProject "LookLike" */;
			compatibilityVersion = "Xcode 9.3";
			developmentRegion = en;
			hasScannedForEncodings = 0;
			knownRegions = (
				en,
				Base,
			);
			mainGroup = 0F3AE4E225E261690098536D;
			productRefGroup = 0F3AE4EC25E261690098536D /* Products */;
			projectDirPath = "";
			projectRoot = "";
			targets = (
				0F3AE4EA25E261690098536D /* LookLike */,
				0F3AE50025E2616A0098536D /* LookLikeTests */,
				0F3AE50B25E2616A0098536D /* LookLikeUITests */,
			);
		};
/* End PBXProject section */

/* Begin PBXResourcesBuildPhase section */
		0F3AE4E925E261690098536D /* Resources */ = {
			isa = PBXResourcesBuildPhase;
			buildActionMask = 2147483647;
			files = (
				0F3AE55825E4ECCE0098536D /* ofont.ru_Corbel.ttf in Resources */,
				0F3AE54E25E4E2D10098536D /* Comfortaa-Regular.ttf in Resources */,
				0F3AE4FB25E2616A0098536D /* LaunchScreen.storyboard in Resources */,
				0F3AE55325E4E3320098536D /* Roboto-Regular.ttf in Resources */,
				0F3AE54625E285C60098536D /* Questrial-Regular.otf in Resources */,
				0F3AE4F825E2616A0098536D /* Assets.xcassets in Resources */,
			);
			runOnlyForDeploymentPostprocessing = 0;
		};
		0F3AE4FF25E2616A0098536D /* Resources */ = {
			isa = PBXResourcesBuildPhase;
			buildActionMask = 2147483647;
			files = (
			);
			runOnlyForDeploymentPostprocessing = 0;
		};
		0F3AE50A25E2616A0098536D /* Resources */ = {
			isa = PBXResourcesBuildPhase;
			buildActionMask = 2147483647;
			files = (
			);
			runOnlyForDeploymentPostprocessing = 0;
		};
/* End PBXResourcesBuildPhase section */

/* Begin PBXShellScriptBuildPhase section */
		2E513AF41BA4126BF74DE439 /* [CP] Embed Pods Frameworks */ = {
			isa = PBXShellScriptBuildPhase;
			buildActionMask = 2147483647;
			files = (
			);
			inputFileListPaths = (
				"${PODS_ROOT}/Target Support Files/Pods-LookLike-LookLikeUITests/Pods-LookLike-LookLikeUITests-frameworks-${CONFIGURATION}-input-files.xcfilelist",
			);
			name = "[CP] Embed Pods Frameworks";
			outputFileListPaths = (
				"${PODS_ROOT}/Target Support Files/Pods-LookLike-LookLikeUITests/Pods-LookLike-LookLikeUITests-frameworks-${CONFIGURATION}-output-files.xcfilelist",
			);
			runOnlyForDeploymentPostprocessing = 0;
			shellPath = /bin/sh;
			shellScript = "\"${PODS_ROOT}/Target Support Files/Pods-LookLike-LookLikeUITests/Pods-LookLike-LookLikeUITests-frameworks.sh\"\n";
			showEnvVarsInLog = 0;
		};
		A8EC7459C55442D3E8C0EFE5 /* [CP] Embed Pods Frameworks */ = {
			isa = PBXShellScriptBuildPhase;
			buildActionMask = 2147483647;
			files = (
			);
			inputFileListPaths = (
				"${PODS_ROOT}/Target Support Files/Pods-LookLike/Pods-LookLike-frameworks-${CONFIGURATION}-input-files.xcfilelist",
			);
			name = "[CP] Embed Pods Frameworks";
			outputFileListPaths = (
				"${PODS_ROOT}/Target Support Files/Pods-LookLike/Pods-LookLike-frameworks-${CONFIGURATION}-output-files.xcfilelist",
			);
			runOnlyForDeploymentPostprocessing = 0;
			shellPath = /bin/sh;
			shellScript = "\"${PODS_ROOT}/Target Support Files/Pods-LookLike/Pods-LookLike-frameworks.sh\"\n";
			showEnvVarsInLog = 0;
		};
		E418261BADAF9AB11E1FAF19 /* [CP] Check Pods Manifest.lock */ = {
			isa = PBXShellScriptBuildPhase;
			buildActionMask = 2147483647;
			files = (
			);
			inputFileListPaths = (
			);
			inputPaths = (
				"${PODS_PODFILE_DIR_PATH}/Podfile.lock",
				"${PODS_ROOT}/Manifest.lock",
			);
			name = "[CP] Check Pods Manifest.lock";
			outputFileListPaths = (
			);
			outputPaths = (
				"$(DERIVED_FILE_DIR)/Pods-LookLike-checkManifestLockResult.txt",
			);
			runOnlyForDeploymentPostprocessing = 0;
			shellPath = /bin/sh;
			shellScript = "diff \"${PODS_PODFILE_DIR_PATH}/Podfile.lock\" \"${PODS_ROOT}/Manifest.lock\" > /dev/null\nif [ $? != 0 ] ; then\n    # print error to STDERR\n    echo \"error: The sandbox is not in sync with the Podfile.lock. Run 'pod install' or update your CocoaPods installation.\" >&2\n    exit 1\nfi\n# This output is used by Xcode 'outputs' to avoid re-running this script phase.\necho \"SUCCESS\" > \"${SCRIPT_OUTPUT_FILE_0}\"\n";
			showEnvVarsInLog = 0;
		};
		E527E8CD82275FEE2D876218 /* [CP] Check Pods Manifest.lock */ = {
			isa = PBXShellScriptBuildPhase;
			buildActionMask = 2147483647;
			files = (
			);
			inputFileListPaths = (
			);
			inputPaths = (
				"${PODS_PODFILE_DIR_PATH}/Podfile.lock",
				"${PODS_ROOT}/Manifest.lock",
			);
			name = "[CP] Check Pods Manifest.lock";
			outputFileListPaths = (
			);
			outputPaths = (
				"$(DERIVED_FILE_DIR)/Pods-LookLike-LookLikeUITests-checkManifestLockResult.txt",
			);
			runOnlyForDeploymentPostprocessing = 0;
			shellPath = /bin/sh;
			shellScript = "diff \"${PODS_PODFILE_DIR_PATH}/Podfile.lock\" \"${PODS_ROOT}/Manifest.lock\" > /dev/null\nif [ $? != 0 ] ; then\n    # print error to STDERR\n    echo \"error: The sandbox is not in sync with the Podfile.lock. Run 'pod install' or update your CocoaPods installation.\" >&2\n    exit 1\nfi\n# This output is used by Xcode 'outputs' to avoid re-running this script phase.\necho \"SUCCESS\" > \"${SCRIPT_OUTPUT_FILE_0}\"\n";
			showEnvVarsInLog = 0;
		};
		FD70979ED9700517CC2D713C /* [CP] Check Pods Manifest.lock */ = {
			isa = PBXShellScriptBuildPhase;
			buildActionMask = 2147483647;
			files = (
			);
			inputFileListPaths = (
			);
			inputPaths = (
				"${PODS_PODFILE_DIR_PATH}/Podfile.lock",
				"${PODS_ROOT}/Manifest.lock",
			);
			name = "[CP] Check Pods Manifest.lock";
			outputFileListPaths = (
			);
			outputPaths = (
				"$(DERIVED_FILE_DIR)/Pods-LookLikeTests-checkManifestLockResult.txt",
			);
			runOnlyForDeploymentPostprocessing = 0;
			shellPath = /bin/sh;
			shellScript = "diff \"${PODS_PODFILE_DIR_PATH}/Podfile.lock\" \"${PODS_ROOT}/Manifest.lock\" > /dev/null\nif [ $? != 0 ] ; then\n    # print error to STDERR\n    echo \"error: The sandbox is not in sync with the Podfile.lock. Run 'pod install' or update your CocoaPods installation.\" >&2\n    exit 1\nfi\n# This output is used by Xcode 'outputs' to avoid re-running this script phase.\necho \"SUCCESS\" > \"${SCRIPT_OUTPUT_FILE_0}\"\n";
			showEnvVarsInLog = 0;
		};
/* End PBXShellScriptBuildPhase section */

/* Begin PBXSourcesBuildPhase section */
		0F3AE4E725E261690098536D /* Sources */ = {
			isa = PBXSourcesBuildPhase;
			buildActionMask = 2147483647;
			files = (
				0FCD369025F7593C00DCEFEF /* CategoriesSearchViewModel.swift in Sources */,
				0F2BE3F125E7A346005630AF /* DiscoverViewController.swift in Sources */,
				0F3AE53925E276900098536D /* Fonts.swift in Sources */,
				0FCD369525F768C300DCEFEF /* ItemCell.swift in Sources */,
				0F40DF6825ECC95B00AF9A72 /* ProfileViewController.swift in Sources */,
				0F2BE3DD25E7871F005630AF /* SearchViewController.swift in Sources */,
				0F3AE4F325E261690098536D /* LoggedOutViewController.swift in Sources */,
				0F3AE53A25E276900098536D /* Images.swift in Sources */,
				0F2BE3D825E78308005630AF /* RegisterViewController.swift in Sources */,
				0F3EB8D925E68F2D00B1CCCA /* LoginViewController.swift in Sources */,
				0F3AE4EF25E261690098536D /* AppDelegate.swift in Sources */,
			);
			runOnlyForDeploymentPostprocessing = 0;
		};
		0F3AE4FD25E2616A0098536D /* Sources */ = {
			isa = PBXSourcesBuildPhase;
			buildActionMask = 2147483647;
			files = (
				0F3AE50625E2616A0098536D /* LookLikeTests.swift in Sources */,
			);
			runOnlyForDeploymentPostprocessing = 0;
		};
		0F3AE50825E2616A0098536D /* Sources */ = {
			isa = PBXSourcesBuildPhase;
			buildActionMask = 2147483647;
			files = (
				0F3AE51125E2616A0098536D /* LookLikeUITests.swift in Sources */,
			);
			runOnlyForDeploymentPostprocessing = 0;
		};
/* End PBXSourcesBuildPhase section */

/* Begin PBXTargetDependency section */
		0F3AE50325E2616A0098536D /* PBXTargetDependency */ = {
			isa = PBXTargetDependency;
			target = 0F3AE4EA25E261690098536D /* LookLike */;
			targetProxy = 0F3AE50225E2616A0098536D /* PBXContainerItemProxy */;
		};
		0F3AE50E25E2616A0098536D /* PBXTargetDependency */ = {
			isa = PBXTargetDependency;
			target = 0F3AE4EA25E261690098536D /* LookLike */;
			targetProxy = 0F3AE50D25E2616A0098536D /* PBXContainerItemProxy */;
		};
/* End PBXTargetDependency section */

/* Begin PBXVariantGroup section */
		0F3AE4F925E2616A0098536D /* LaunchScreen.storyboard */ = {
			isa = PBXVariantGroup;
			children = (
				0F3AE4FA25E2616A0098536D /* Base */,
			);
			name = LaunchScreen.storyboard;
			sourceTree = "<group>";
		};
/* End PBXVariantGroup section */

/* Begin XCBuildConfiguration section */
		0F3AE51325E2616A0098536D /* Debug */ = {
			isa = XCBuildConfiguration;
			buildSettings = {
				ALWAYS_SEARCH_USER_PATHS = NO;
				CLANG_ANALYZER_NONNULL = YES;
				CLANG_ANALYZER_NUMBER_OBJECT_CONVERSION = YES_AGGRESSIVE;
				CLANG_CXX_LANGUAGE_STANDARD = "gnu++14";
				CLANG_CXX_LIBRARY = "libc++";
				CLANG_ENABLE_MODULES = YES;
				CLANG_ENABLE_OBJC_ARC = YES;
				CLANG_ENABLE_OBJC_WEAK = YES;
				CLANG_WARN_BLOCK_CAPTURE_AUTORELEASING = YES;
				CLANG_WARN_BOOL_CONVERSION = YES;
				CLANG_WARN_COMMA = YES;
				CLANG_WARN_CONSTANT_CONVERSION = YES;
				CLANG_WARN_DEPRECATED_OBJC_IMPLEMENTATIONS = YES;
				CLANG_WARN_DIRECT_OBJC_ISA_USAGE = YES_ERROR;
				CLANG_WARN_DOCUMENTATION_COMMENTS = YES;
				CLANG_WARN_EMPTY_BODY = YES;
				CLANG_WARN_ENUM_CONVERSION = YES;
				CLANG_WARN_INFINITE_RECURSION = YES;
				CLANG_WARN_INT_CONVERSION = YES;
				CLANG_WARN_NON_LITERAL_NULL_CONVERSION = YES;
				CLANG_WARN_OBJC_IMPLICIT_RETAIN_SELF = YES;
				CLANG_WARN_OBJC_LITERAL_CONVERSION = YES;
				CLANG_WARN_OBJC_ROOT_CLASS = YES_ERROR;
				CLANG_WARN_QUOTED_INCLUDE_IN_FRAMEWORK_HEADER = YES;
				CLANG_WARN_RANGE_LOOP_ANALYSIS = YES;
				CLANG_WARN_STRICT_PROTOTYPES = YES;
				CLANG_WARN_SUSPICIOUS_MOVE = YES;
				CLANG_WARN_UNGUARDED_AVAILABILITY = YES_AGGRESSIVE;
				CLANG_WARN_UNREACHABLE_CODE = YES;
				CLANG_WARN__DUPLICATE_METHOD_MATCH = YES;
				COPY_PHASE_STRIP = NO;
				DEBUG_INFORMATION_FORMAT = dwarf;
				ENABLE_STRICT_OBJC_MSGSEND = YES;
				ENABLE_TESTABILITY = YES;
				GCC_C_LANGUAGE_STANDARD = gnu11;
				GCC_DYNAMIC_NO_PIC = NO;
				GCC_NO_COMMON_BLOCKS = YES;
				GCC_OPTIMIZATION_LEVEL = 0;
				GCC_PREPROCESSOR_DEFINITIONS = (
					"DEBUG=1",
					"$(inherited)",
				);
				GCC_WARN_64_TO_32_BIT_CONVERSION = YES;
				GCC_WARN_ABOUT_RETURN_TYPE = YES_ERROR;
				GCC_WARN_UNDECLARED_SELECTOR = YES;
				GCC_WARN_UNINITIALIZED_AUTOS = YES_AGGRESSIVE;
				GCC_WARN_UNUSED_FUNCTION = YES;
				GCC_WARN_UNUSED_VARIABLE = YES;
				IPHONEOS_DEPLOYMENT_TARGET = 14.4;
				MTL_ENABLE_DEBUG_INFO = INCLUDE_SOURCE;
				MTL_FAST_MATH = YES;
				ONLY_ACTIVE_ARCH = YES;
				SDKROOT = iphoneos;
				SWIFT_ACTIVE_COMPILATION_CONDITIONS = DEBUG;
				SWIFT_OPTIMIZATION_LEVEL = "-Onone";
			};
			name = Debug;
		};
		0F3AE51425E2616A0098536D /* Release */ = {
			isa = XCBuildConfiguration;
			buildSettings = {
				ALWAYS_SEARCH_USER_PATHS = NO;
				CLANG_ANALYZER_NONNULL = YES;
				CLANG_ANALYZER_NUMBER_OBJECT_CONVERSION = YES_AGGRESSIVE;
				CLANG_CXX_LANGUAGE_STANDARD = "gnu++14";
				CLANG_CXX_LIBRARY = "libc++";
				CLANG_ENABLE_MODULES = YES;
				CLANG_ENABLE_OBJC_ARC = YES;
				CLANG_ENABLE_OBJC_WEAK = YES;
				CLANG_WARN_BLOCK_CAPTURE_AUTORELEASING = YES;
				CLANG_WARN_BOOL_CONVERSION = YES;
				CLANG_WARN_COMMA = YES;
				CLANG_WARN_CONSTANT_CONVERSION = YES;
				CLANG_WARN_DEPRECATED_OBJC_IMPLEMENTATIONS = YES;
				CLANG_WARN_DIRECT_OBJC_ISA_USAGE = YES_ERROR;
				CLANG_WARN_DOCUMENTATION_COMMENTS = YES;
				CLANG_WARN_EMPTY_BODY = YES;
				CLANG_WARN_ENUM_CONVERSION = YES;
				CLANG_WARN_INFINITE_RECURSION = YES;
				CLANG_WARN_INT_CONVERSION = YES;
				CLANG_WARN_NON_LITERAL_NULL_CONVERSION = YES;
				CLANG_WARN_OBJC_IMPLICIT_RETAIN_SELF = YES;
				CLANG_WARN_OBJC_LITERAL_CONVERSION = YES;
				CLANG_WARN_OBJC_ROOT_CLASS = YES_ERROR;
				CLANG_WARN_QUOTED_INCLUDE_IN_FRAMEWORK_HEADER = YES;
				CLANG_WARN_RANGE_LOOP_ANALYSIS = YES;
				CLANG_WARN_STRICT_PROTOTYPES = YES;
				CLANG_WARN_SUSPICIOUS_MOVE = YES;
				CLANG_WARN_UNGUARDED_AVAILABILITY = YES_AGGRESSIVE;
				CLANG_WARN_UNREACHABLE_CODE = YES;
				CLANG_WARN__DUPLICATE_METHOD_MATCH = YES;
				COPY_PHASE_STRIP = NO;
				DEBUG_INFORMATION_FORMAT = "dwarf-with-dsym";
				ENABLE_NS_ASSERTIONS = NO;
				ENABLE_STRICT_OBJC_MSGSEND = YES;
				GCC_C_LANGUAGE_STANDARD = gnu11;
				GCC_NO_COMMON_BLOCKS = YES;
				GCC_WARN_64_TO_32_BIT_CONVERSION = YES;
				GCC_WARN_ABOUT_RETURN_TYPE = YES_ERROR;
				GCC_WARN_UNDECLARED_SELECTOR = YES;
				GCC_WARN_UNINITIALIZED_AUTOS = YES_AGGRESSIVE;
				GCC_WARN_UNUSED_FUNCTION = YES;
				GCC_WARN_UNUSED_VARIABLE = YES;
				IPHONEOS_DEPLOYMENT_TARGET = 14.4;
				MTL_ENABLE_DEBUG_INFO = NO;
				MTL_FAST_MATH = YES;
				SDKROOT = iphoneos;
				SWIFT_COMPILATION_MODE = wholemodule;
				SWIFT_OPTIMIZATION_LEVEL = "-O";
				VALIDATE_PRODUCT = YES;
			};
			name = Release;
		};
		0F3AE51625E2616A0098536D /* Debug */ = {
			isa = XCBuildConfiguration;
			baseConfigurationReference = 4DC740D6C602BE069FFC74B4 /* Pods-LookLike.debug.xcconfig */;
			buildSettings = {
				ASSETCATALOG_COMPILER_APPICON_NAME = AppIcon;
				ASSETCATALOG_COMPILER_GLOBAL_ACCENT_COLOR_NAME = AccentColor;
				CODE_SIGN_STYLE = Automatic;
				DEVELOPMENT_TEAM = SB478V62H9;
				INFOPLIST_FILE = LookLike/Info.plist;
				LD_RUNPATH_SEARCH_PATHS = (
					"$(inherited)",
					"@executable_path/Frameworks",
				);
				PRODUCT_BUNDLE_IDENTIFIER = ru.adeveloper.LookLike;
				PRODUCT_NAME = "$(TARGET_NAME)";
				SWIFT_VERSION = 5.0;
				TARGETED_DEVICE_FAMILY = "1,2";
			};
			name = Debug;
		};
		0F3AE51725E2616A0098536D /* Release */ = {
			isa = XCBuildConfiguration;
			baseConfigurationReference = 00D3E54545A61309C2FE81C3 /* Pods-LookLike.release.xcconfig */;
			buildSettings = {
				ASSETCATALOG_COMPILER_APPICON_NAME = AppIcon;
				ASSETCATALOG_COMPILER_GLOBAL_ACCENT_COLOR_NAME = AccentColor;
				CODE_SIGN_STYLE = Automatic;
				DEVELOPMENT_TEAM = SB478V62H9;
				INFOPLIST_FILE = LookLike/Info.plist;
				LD_RUNPATH_SEARCH_PATHS = (
					"$(inherited)",
					"@executable_path/Frameworks",
				);
				PRODUCT_BUNDLE_IDENTIFIER = ru.adeveloper.LookLike;
				PRODUCT_NAME = "$(TARGET_NAME)";
				SWIFT_VERSION = 5.0;
				TARGETED_DEVICE_FAMILY = "1,2";
			};
			name = Release;
		};
		0F3AE51925E2616A0098536D /* Debug */ = {
			isa = XCBuildConfiguration;
			baseConfigurationReference = A14E6876D5B5AEE45944289F /* Pods-LookLikeTests.debug.xcconfig */;
			buildSettings = {
				ALWAYS_EMBED_SWIFT_STANDARD_LIBRARIES = YES;
				BUNDLE_LOADER = "$(TEST_HOST)";
				CODE_SIGN_STYLE = Automatic;
				DEVELOPMENT_TEAM = SB478V62H9;
				INFOPLIST_FILE = LookLikeTests/Info.plist;
				IPHONEOS_DEPLOYMENT_TARGET = 14.4;
				LD_RUNPATH_SEARCH_PATHS = (
					"$(inherited)",
					"@executable_path/Frameworks",
					"@loader_path/Frameworks",
				);
				PRODUCT_BUNDLE_IDENTIFIER = ru.adeveloper.LookLikeTests;
				PRODUCT_NAME = "$(TARGET_NAME)";
				SWIFT_VERSION = 5.0;
				TARGETED_DEVICE_FAMILY = "1,2";
				TEST_HOST = "$(BUILT_PRODUCTS_DIR)/LookLike.app/LookLike";
			};
			name = Debug;
		};
		0F3AE51A25E2616A0098536D /* Release */ = {
			isa = XCBuildConfiguration;
			baseConfigurationReference = A3C391F8834303BFB891D5A7 /* Pods-LookLikeTests.release.xcconfig */;
			buildSettings = {
				ALWAYS_EMBED_SWIFT_STANDARD_LIBRARIES = YES;
				BUNDLE_LOADER = "$(TEST_HOST)";
				CODE_SIGN_STYLE = Automatic;
				DEVELOPMENT_TEAM = SB478V62H9;
				INFOPLIST_FILE = LookLikeTests/Info.plist;
				IPHONEOS_DEPLOYMENT_TARGET = 14.4;
				LD_RUNPATH_SEARCH_PATHS = (
					"$(inherited)",
					"@executable_path/Frameworks",
					"@loader_path/Frameworks",
				);
				PRODUCT_BUNDLE_IDENTIFIER = ru.adeveloper.LookLikeTests;
				PRODUCT_NAME = "$(TARGET_NAME)";
				SWIFT_VERSION = 5.0;
				TARGETED_DEVICE_FAMILY = "1,2";
				TEST_HOST = "$(BUILT_PRODUCTS_DIR)/LookLike.app/LookLike";
			};
			name = Release;
		};
		0F3AE51C25E2616A0098536D /* Debug */ = {
			isa = XCBuildConfiguration;
			baseConfigurationReference = 09D0E88FEC0B472AC128A7AA /* Pods-LookLike-LookLikeUITests.debug.xcconfig */;
			buildSettings = {
				ALWAYS_EMBED_SWIFT_STANDARD_LIBRARIES = YES;
				CODE_SIGN_STYLE = Automatic;
				DEVELOPMENT_TEAM = SB478V62H9;
				INFOPLIST_FILE = LookLikeUITests/Info.plist;
				LD_RUNPATH_SEARCH_PATHS = (
					"$(inherited)",
					"@executable_path/Frameworks",
					"@loader_path/Frameworks",
				);
				PRODUCT_BUNDLE_IDENTIFIER = ru.adeveloper.LookLikeUITests;
				PRODUCT_NAME = "$(TARGET_NAME)";
				SWIFT_VERSION = 5.0;
				TARGETED_DEVICE_FAMILY = "1,2";
				TEST_TARGET_NAME = LookLike;
			};
			name = Debug;
		};
		0F3AE51D25E2616A0098536D /* Release */ = {
			isa = XCBuildConfiguration;
			baseConfigurationReference = 4C6E453B3FF2D81C836F0F41 /* Pods-LookLike-LookLikeUITests.release.xcconfig */;
			buildSettings = {
				ALWAYS_EMBED_SWIFT_STANDARD_LIBRARIES = YES;
				CODE_SIGN_STYLE = Automatic;
				DEVELOPMENT_TEAM = SB478V62H9;
				INFOPLIST_FILE = LookLikeUITests/Info.plist;
				LD_RUNPATH_SEARCH_PATHS = (
					"$(inherited)",
					"@executable_path/Frameworks",
					"@loader_path/Frameworks",
				);
				PRODUCT_BUNDLE_IDENTIFIER = ru.adeveloper.LookLikeUITests;
				PRODUCT_NAME = "$(TARGET_NAME)";
				SWIFT_VERSION = 5.0;
				TARGETED_DEVICE_FAMILY = "1,2";
				TEST_TARGET_NAME = LookLike;
			};
			name = Release;
		};
/* End XCBuildConfiguration section */

/* Begin XCConfigurationList section */
		0F3AE4E625E261690098536D /* Build configuration list for PBXProject "LookLike" */ = {
			isa = XCConfigurationList;
			buildConfigurations = (
				0F3AE51325E2616A0098536D /* Debug */,
				0F3AE51425E2616A0098536D /* Release */,
			);
			defaultConfigurationIsVisible = 0;
			defaultConfigurationName = Release;
		};
		0F3AE51525E2616A0098536D /* Build configuration list for PBXNativeTarget "LookLike" */ = {
			isa = XCConfigurationList;
			buildConfigurations = (
				0F3AE51625E2616A0098536D /* Debug */,
				0F3AE51725E2616A0098536D /* Release */,
			);
			defaultConfigurationIsVisible = 0;
			defaultConfigurationName = Release;
		};
		0F3AE51825E2616A0098536D /* Build configuration list for PBXNativeTarget "LookLikeTests" */ = {
			isa = XCConfigurationList;
			buildConfigurations = (
				0F3AE51925E2616A0098536D /* Debug */,
				0F3AE51A25E2616A0098536D /* Release */,
			);
			defaultConfigurationIsVisible = 0;
			defaultConfigurationName = Release;
		};
		0F3AE51B25E2616A0098536D /* Build configuration list for PBXNativeTarget "LookLikeUITests" */ = {
			isa = XCConfigurationList;
			buildConfigurations = (
				0F3AE51C25E2616A0098536D /* Debug */,
				0F3AE51D25E2616A0098536D /* Release */,
			);
			defaultConfigurationIsVisible = 0;
			defaultConfigurationName = Release;
		};
/* End XCConfigurationList section */
	};
	rootObject = 0F3AE4E325E261690098536D /* Project object */;
}
